// !$*UTF8*$!
{
	archiveVersion = 1;
	classes = {
	};
	objectVersion = 46;
	objects = {

/* Begin PBXBuildFile section */
		278088F91E088AD200B624F2 /* AppDelegate.swift in Sources */ = {isa = PBXBuildFile; fileRef = 278088F81E088AD200B624F2 /* AppDelegate.swift */; };
		278088FB1E088AD200B624F2 /* MainViewController.swift in Sources */ = {isa = PBXBuildFile; fileRef = 278088FA1E088AD200B624F2 /* MainViewController.swift */; };
		278088FE1E088AD200B624F2 /* Main.storyboard in Resources */ = {isa = PBXBuildFile; fileRef = 278088FC1E088AD200B624F2 /* Main.storyboard */; };
		278089011E088AD200B624F2 /* ListaCompras.xcdatamodeld in Sources */ = {isa = PBXBuildFile; fileRef = 278088FF1E088AD200B624F2 /* ListaCompras.xcdatamodeld */; };
		278089031E088AD200B624F2 /* Assets.xcassets in Resources */ = {isa = PBXBuildFile; fileRef = 278089021E088AD200B624F2 /* Assets.xcassets */; };
		278089061E088AD200B624F2 /* LaunchScreen.storyboard in Resources */ = {isa = PBXBuildFile; fileRef = 278089041E088AD200B624F2 /* LaunchScreen.storyboard */; };
		278089121E08977000B624F2 /* grocery_item.png in Resources */ = {isa = PBXBuildFile; fileRef = 278089111E08977000B624F2 /* grocery_item.png */; };
		278089181E08A39B00B624F2 /* ListViewController.swift in Sources */ = {isa = PBXBuildFile; fileRef = 278089171E08A39B00B624F2 /* ListViewController.swift */; };
		27AC11E31E09EA3D00969064 /* ListItemCell.swift in Sources */ = {isa = PBXBuildFile; fileRef = 27AC11E21E09EA3D00969064 /* ListItemCell.swift */; };
		27AC11E51E09EDA900969064 /* ItemDetailsViewController.swift in Sources */ = {isa = PBXBuildFile; fileRef = 27AC11E41E09EDA900969064 /* ItemDetailsViewController.swift */; };
		27C288271E1930050013FA41 /* ItemCellTableViewCell.swift in Sources */ = {isa = PBXBuildFile; fileRef = 27C288261E1930050013FA41 /* ItemCellTableViewCell.swift */; };
		27F75C541E143B7300DC7577 /* CustomTextField.swift in Sources */ = {isa = PBXBuildFile; fileRef = 27F75C531E143B7300DC7577 /* CustomTextField.swift */; };
/* End PBXBuildFile section */

/* Begin PBXFileReference section */
		278088F51E088AD200B624F2 /* ListaCompras.app */ = {isa = PBXFileReference; explicitFileType = wrapper.application; includeInIndex = 0; path = ListaCompras.app; sourceTree = BUILT_PRODUCTS_DIR; };
		278088F81E088AD200B624F2 /* AppDelegate.swift */ = {isa = PBXFileReference; lastKnownFileType = sourcecode.swift; path = AppDelegate.swift; sourceTree = "<group>"; };
		278088FA1E088AD200B624F2 /* MainViewController.swift */ = {isa = PBXFileReference; lastKnownFileType = sourcecode.swift; path = MainViewController.swift; sourceTree = "<group>"; };
		278088FD1E088AD200B624F2 /* Base */ = {isa = PBXFileReference; lastKnownFileType = file.storyboard; name = Base; path = Base.lproj/Main.storyboard; sourceTree = "<group>"; };
		278089001E088AD200B624F2 /* ListaCompras.xcdatamodel */ = {isa = PBXFileReference; lastKnownFileType = wrapper.xcdatamodel; path = ListaCompras.xcdatamodel; sourceTree = "<group>"; };
		278089021E088AD200B624F2 /* Assets.xcassets */ = {isa = PBXFileReference; lastKnownFileType = folder.assetcatalog; path = Assets.xcassets; sourceTree = "<group>"; };
		278089051E088AD200B624F2 /* Base */ = {isa = PBXFileReference; lastKnownFileType = file.storyboard; name = Base; path = Base.lproj/LaunchScreen.storyboard; sourceTree = "<group>"; };
		278089071E088AD200B624F2 /* Info.plist */ = {isa = PBXFileReference; lastKnownFileType = text.plist.xml; path = Info.plist; sourceTree = "<group>"; };
		278089111E08977000B624F2 /* grocery_item.png */ = {isa = PBXFileReference; lastKnownFileType = image.png; path = grocery_item.png; sourceTree = "<group>"; };
		278089171E08A39B00B624F2 /* ListViewController.swift */ = {isa = PBXFileReference; fileEncoding = 4; lastKnownFileType = sourcecode.swift; path = ListViewController.swift; sourceTree = "<group>"; };
		27AC11E21E09EA3D00969064 /* ListItemCell.swift */ = {isa = PBXFileReference; fileEncoding = 4; lastKnownFileType = sourcecode.swift; path = ListItemCell.swift; sourceTree = "<group>"; };
		27AC11E41E09EDA900969064 /* ItemDetailsViewController.swift */ = {isa = PBXFileReference; fileEncoding = 4; lastKnownFileType = sourcecode.swift; path = ItemDetailsViewController.swift; sourceTree = "<group>"; };
		27C288261E1930050013FA41 /* ItemCellTableViewCell.swift */ = {isa = PBXFileReference; fileEncoding = 4; lastKnownFileType = sourcecode.swift; path = ItemCellTableViewCell.swift; sourceTree = "<group>"; };
		27F75C531E143B7300DC7577 /* CustomTextField.swift */ = {isa = PBXFileReference; fileEncoding = 4; lastKnownFileType = sourcecode.swift; path = CustomTextField.swift; sourceTree = "<group>"; };
/* End PBXFileReference section */

/* Begin PBXFrameworksBuildPhase section */
		278088F21E088AD200B624F2 /* Frameworks */ = {
			isa = PBXFrameworksBuildPhase;
			buildActionMask = 2147483647;
			files = (
			);
			runOnlyForDeploymentPostprocessing = 0;
		};
/* End PBXFrameworksBuildPhase section */

/* Begin PBXGroup section */
		278088EC1E088AD200B624F2 = {
			isa = PBXGroup;
			children = (
				278088F71E088AD200B624F2 /* ListaCompras */,
				278088F61E088AD200B624F2 /* Products */,
			);
			sourceTree = "<group>";
		};
		278088F61E088AD200B624F2 /* Products */ = {
			isa = PBXGroup;
			children = (
				278088F51E088AD200B624F2 /* ListaCompras.app */,
			);
			name = Products;
			sourceTree = "<group>";
		};
		278088F71E088AD200B624F2 /* ListaCompras */ = {
			isa = PBXGroup;
			children = (
				27AC11E11E09EA2100969064 /* Views */,
				2780890D1E088ADA00B624F2 /* Controllers */,
				278089101E08976400B624F2 /* Resources */,
				278088F81E088AD200B624F2 /* AppDelegate.swift */,
				278088FC1E088AD200B624F2 /* Main.storyboard */,
				278089021E088AD200B624F2 /* Assets.xcassets */,
				278089041E088AD200B624F2 /* LaunchScreen.storyboard */,
				278089071E088AD200B624F2 /* Info.plist */,
				278088FF1E088AD200B624F2 /* ListaCompras.xcdatamodeld */,
			);
			path = ListaCompras;
			sourceTree = "<group>";
		};
		2780890D1E088ADA00B624F2 /* Controllers */ = {
			isa = PBXGroup;
			children = (
				278088FA1E088AD200B624F2 /* MainViewController.swift */,
				278089171E08A39B00B624F2 /* ListViewController.swift */,
				27AC11E41E09EDA900969064 /* ItemDetailsViewController.swift */,
			);
			name = Controllers;
			sourceTree = "<group>";
		};
		278089101E08976400B624F2 /* Resources */ = {
			isa = PBXGroup;
			children = (
				278089111E08977000B624F2 /* grocery_item.png */,
			);
			name = Resources;
			sourceTree = "<group>";
		};
		27AC11E11E09EA2100969064 /* Views */ = {
			isa = PBXGroup;
			children = (
				27AC11E21E09EA3D00969064 /* ListItemCell.swift */,
				27F75C531E143B7300DC7577 /* CustomTextField.swift */,
				27C288261E1930050013FA41 /* ItemCellTableViewCell.swift */,
			);
			name = Views;
			sourceTree = "<group>";
		};
/* End PBXGroup section */

/* Begin PBXNativeTarget section */
		278088F41E088AD200B624F2 /* ListaCompras */ = {
			isa = PBXNativeTarget;
			buildConfigurationList = 2780890A1E088AD200B624F2 /* Build configuration list for PBXNativeTarget "ListaCompras" */;
			buildPhases = (
				278088F11E088AD200B624F2 /* Sources */,
				278088F21E088AD200B624F2 /* Frameworks */,
				278088F31E088AD200B624F2 /* Resources */,
			);
			buildRules = (
			);
			dependencies = (
			);
			name = ListaCompras;
			productName = ListaCompras;
			productReference = 278088F51E088AD200B624F2 /* ListaCompras.app */;
			productType = "com.apple.product-type.application";
		};
/* End PBXNativeTarget section */

/* Begin PBXProject section */
		278088ED1E088AD200B624F2 /* Project object */ = {
			isa = PBXProject;
			attributes = {
				LastSwiftUpdateCheck = 0820;
				LastUpgradeCheck = 0820;
				ORGANIZATIONNAME = "Vasco Gomes";
				TargetAttributes = {
					278088F41E088AD200B624F2 = {
						CreatedOnToolsVersion = 8.2;
						DevelopmentTeam = NZ9T8J253B;
						ProvisioningStyle = Automatic;
					};
				};
			};
			buildConfigurationList = 278088F01E088AD200B624F2 /* Build configuration list for PBXProject "ListaCompras" */;
			compatibilityVersion = "Xcode 3.2";
			developmentRegion = English;
			hasScannedForEncodings = 0;
			knownRegions = (
				en,
				Base,
			);
			mainGroup = 278088EC1E088AD200B624F2;
			productRefGroup = 278088F61E088AD200B624F2 /* Products */;
			projectDirPath = "";
			projectRoot = "";
			targets = (
				278088F41E088AD200B624F2 /* ListaCompras */,
			);
		};
/* End PBXProject section */

/* Begin PBXResourcesBuildPhase section */
		278088F31E088AD200B624F2 /* Resources */ = {
			isa = PBXResourcesBuildPhase;
			buildActionMask = 2147483647;
			files = (
				278089121E08977000B624F2 /* grocery_item.png in Resources */,
				278089061E088AD200B624F2 /* LaunchScreen.storyboard in Resources */,
				278089031E088AD200B624F2 /* Assets.xcassets in Resources */,
				278088FE1E088AD200B624F2 /* Main.storyboard in Resources */,
			);
			runOnlyForDeploymentPostprocessing = 0;
		};
/* End PBXResourcesBuildPhase section */

/* Begin PBXSourcesBuildPhase section */
		278088F11E088AD200B624F2 /* Sources */ = {
			isa = PBXSourcesBuildPhase;
			buildActionMask = 2147483647;
			files = (
				27C288271E1930050013FA41 /* ItemCellTableViewCell.swift in Sources */,
				27F75C541E143B7300DC7577 /* CustomTextField.swift in Sources */,
				278088FB1E088AD200B624F2 /* MainViewController.swift in Sources */,
				278088F91E088AD200B624F2 /* AppDelegate.swift in Sources */,
				27AC11E51E09EDA900969064 /* ItemDetailsViewController.swift in Sources */,
				27AC11E31E09EA3D00969064 /* ListItemCell.swift in Sources */,
				278089181E08A39B00B624F2 /* ListViewController.swift in Sources */,
				278089011E088AD200B624F2 /* ListaCompras.xcdatamodeld in Sources */,
			);
			runOnlyForDeploymentPostprocessing = 0;
		};
/* End PBXSourcesBuildPhase section */

/* Begin PBXVariantGroup section */
		278088FC1E088AD200B624F2 /* Main.storyboard */ = {
			isa = PBXVariantGroup;
			children = (
				278088FD1E088AD200B624F2 /* Base */,
			);
			name = Main.storyboard;
			sourceTree = "<group>";
		};
		278089041E088AD200B624F2 /* LaunchScreen.storyboard */ = {
			isa = PBXVariantGroup;
			children = (
				278089051E088AD200B624F2 /* Base */,
			);
			name = LaunchScreen.storyboard;
			sourceTree = "<group>";
		};
/* End PBXVariantGroup section */

/* Begin XCBuildConfiguration section */
		278089081E088AD200B624F2 /* Debug */ = {
			isa = XCBuildConfiguration;
			buildSettings = {
				ALWAYS_SEARCH_USER_PATHS = NO;
				CLANG_ANALYZER_NONNULL = YES;
				CLANG_CXX_LANGUAGE_STANDARD = "gnu++0x";
				CLANG_CXX_LIBRARY = "libc++";
				CLANG_ENABLE_MODULES = YES;
				CLANG_ENABLE_OBJC_ARC = YES;
				CLANG_WARN_BOOL_CONVERSION = YES;
				CLANG_WARN_CONSTANT_CONVERSION = YES;
				CLANG_WARN_DIRECT_OBJC_ISA_USAGE = YES_ERROR;
				CLANG_WARN_DOCUMENTATION_COMMENTS = YES;
				CLANG_WARN_EMPTY_BODY = YES;
				CLANG_WARN_ENUM_CONVERSION = YES;
				CLANG_WARN_INFINITE_RECURSION = YES;
				CLANG_WARN_INT_CONVERSION = YES;
				CLANG_WARN_OBJC_ROOT_CLASS = YES_ERROR;
				CLANG_WARN_SUSPICIOUS_MOVE = YES;
				CLANG_WARN_UNREACHABLE_CODE = YES;
				CLANG_WARN__DUPLICATE_METHOD_MATCH = YES;
				"CODE_SIGN_IDENTITY[sdk=iphoneos*]" = "iPhone Developer";
				COPY_PHASE_STRIP = NO;
				DEBUG_INFORMATION_FORMAT = dwarf;
				ENABLE_STRICT_OBJC_MSGSEND = YES;
				ENABLE_TESTABILITY = YES;
				GCC_C_LANGUAGE_STANDARD = gnu99;
				GCC_DYNAMIC_NO_PIC = NO;
				GCC_NO_COMMON_BLOCKS = YES;
				GCC_OPTIMIZATION_LEVEL = 0;
				GCC_PREPROCESSOR_DEFINITIONS = (
					"DEBUG=1",
					"$(inherited)",
				);
				GCC_WARN_64_TO_32_BIT_CONVERSION = YES;
				GCC_WARN_ABOUT_RETURN_TYPE = YES_ERROR;
				GCC_WARN_UNDECLARED_SELECTOR = YES;
				GCC_WARN_UNINITIALIZED_AUTOS = YES_AGGRESSIVE;
				GCC_WARN_UNUSED_FUNCTION = YES;
				GCC_WARN_UNUSED_VARIABLE = YES;
				IPHONEOS_DEPLOYMENT_TARGET = 10.2;
				MTL_ENABLE_DEBUG_INFO = YES;
				ONLY_ACTIVE_ARCH = YES;
				SDKROOT = iphoneos;
				SWIFT_ACTIVE_COMPILATION_CONDITIONS = DEBUG;
				SWIFT_OPTIMIZATION_LEVEL = "-Onone";
			};
			name = Debug;
		};
		278089091E088AD200B624F2 /* Release */ = {
			isa = XCBuildConfiguration;
			buildSettings = {
				ALWAYS_SEARCH_USER_PATHS = NO;
				CLANG_ANALYZER_NONNULL = YES;
				CLANG_CXX_LANGUAGE_STANDARD = "gnu++0x";
				CLANG_CXX_LIBRARY = "libc++";
				CLANG_ENABLE_MODULES = YES;
				CLANG_ENABLE_OBJC_ARC = YES;
				CLANG_WARN_BOOL_CONVERSION = YES;
				CLANG_WARN_CONSTANT_CONVERSION = YES;
				CLANG_WARN_DIRECT_OBJC_ISA_USAGE = YES_ERROR;
				CLANG_WARN_DOCUMENTATION_COMMENTS = YES;
				CLANG_WARN_EMPTY_BODY = YES;
				CLANG_WARN_ENUM_CONVERSION = YES;
				CLANG_WARN_INFINITE_RECURSION = YES;
				CLANG_WARN_INT_CONVERSION = YES;
				CLANG_WARN_OBJC_ROOT_CLASS = YES_ERROR;
				CLANG_WARN_SUSPICIOUS_MOVE = YES;
				CLANG_WARN_UNREACHABLE_CODE = YES;
				CLANG_WARN__DUPLICATE_METHOD_MATCH = YES;
				"CODE_SIGN_IDENTITY[sdk=iphoneos*]" = "iPhone Developer";
				COPY_PHASE_STRIP = NO;
				DEBUG_INFORMATION_FORMAT = "dwarf-with-dsym";
				ENABLE_NS_ASSERTIONS = NO;
				ENABLE_STRICT_OBJC_MSGSEND = YES;
				GCC_C_LANGUAGE_STANDARD = gnu99;
				GCC_NO_COMMON_BLOCKS = YES;
				GCC_WARN_64_TO_32_BIT_CONVERSION = YES;
				GCC_WARN_ABOUT_RETURN_TYPE = YES_ERROR;
				GCC_WARN_UNDECLARED_SELECTOR = YES;
				GCC_WARN_UNINITIALIZED_AUTOS = YES_AGGRESSIVE;
				GCC_WARN_UNUSED_FUNCTION = YES;
				GCC_WARN_UNUSED_VARIABLE = YES;
				IPHONEOS_DEPLOYMENT_TARGET = 10.2;
				MTL_ENABLE_DEBUG_INFO = NO;
				SDKROOT = iphoneos;
				SWIFT_OPTIMIZATION_LEVEL = "-Owholemodule";
				VALIDATE_PRODUCT = YES;
			};
			name = Release;
		};
		2780890B1E088AD200B624F2 /* Debug */ = {
			isa = XCBuildConfiguration;
			buildSettings = {
				ASSETCATALOG_COMPILER_APPICON_NAME = AppIcon;
				DEVELOPMENT_TEAM = NZ9T8J253B;
				INFOPLIST_FILE = ListaCompras/Info.plist;
				LD_RUNPATH_SEARCH_PATHS = "$(inherited) @executable_path/Frameworks";
				PRODUCT_BUNDLE_IDENTIFIER = com.vascoGomes.ListaCompras;
				PRODUCT_NAME = "$(TARGET_NAME)";
				SWIFT_VERSION = 3.0;
			};
			name = Debug;
		};
		2780890C1E088AD200B624F2 /* Release */ = {
			isa = XCBuildConfiguration;
			buildSettings = {
				ASSETCATALOG_COMPILER_APPICON_NAME = AppIcon;
				DEVELOPMENT_TEAM = NZ9T8J253B;
				INFOPLIST_FILE = ListaCompras/Info.plist;
				LD_RUNPATH_SEARCH_PATHS = "$(inherited) @executable_path/Frameworks";
				PRODUCT_BUNDLE_IDENTIFIER = com.vascoGomes.ListaCompras;
				PRODUCT_NAME = "$(TARGET_NAME)";
				SWIFT_VERSION = 3.0;
			};
			name = Release;
		};
/* End XCBuildConfiguration section */

/* Begin XCConfigurationList section */
		278088F01E088AD200B624F2 /* Build configuration list for PBXProject "ListaCompras" */ = {
			isa = XCConfigurationList;
			buildConfigurations = (
				278089081E088AD200B624F2 /* Debug */,
				278089091E088AD200B624F2 /* Release */,
			);
			defaultConfigurationIsVisible = 0;
			defaultConfigurationName = Release;
		};
		2780890A1E088AD200B624F2 /* Build configuration list for PBXNativeTarget "ListaCompras" */ = {
			isa = XCConfigurationList;
			buildConfigurations = (
				2780890B1E088AD200B624F2 /* Debug */,
				2780890C1E088AD200B624F2 /* Release */,
			);
			defaultConfigurationIsVisible = 0;
			defaultConfigurationName = Release;
		};
/* End XCConfigurationList section */

/* Begin XCVersionGroup section */
		278088FF1E088AD200B624F2 /* ListaCompras.xcdatamodeld */ = {
			isa = XCVersionGroup;
			children = (
				278089001E088AD200B624F2 /* ListaCompras.xcdatamodel */,
			);
			currentVersion = 278089001E088AD200B624F2 /* ListaCompras.xcdatamodel */;
			path = ListaCompras.xcdatamodeld;
			sourceTree = "<group>";
			versionGroupType = wrapper.xcdatamodel;
		};
/* End XCVersionGroup section */
	};
	rootObject = 278088ED1E088AD200B624F2 /* Project object */;
}
